// !$*UTF8*$!
{
	archiveVersion = 1;
	classes = {
	};
	objectVersion = 55;
	objects = {

/* Begin PBXBuildFile section */
		9024464F28A41316000B9B2D /* TwitterApp.swift in Sources */ = {isa = PBXBuildFile; fileRef = 9024464E28A41316000B9B2D /* TwitterApp.swift */; };
		9024465128A41316000B9B2D /* ContentView.swift in Sources */ = {isa = PBXBuildFile; fileRef = 9024465028A41316000B9B2D /* ContentView.swift */; };
		9024465328A41317000B9B2D /* Assets.xcassets in Resources */ = {isa = PBXBuildFile; fileRef = 9024465228A41317000B9B2D /* Assets.xcassets */; };
		9024465628A41317000B9B2D /* Preview Assets.xcassets in Resources */ = {isa = PBXBuildFile; fileRef = 9024465528A41317000B9B2D /* Preview Assets.xcassets */; };
		9024466128A418C2000B9B2D /* FeedView.swift in Sources */ = {isa = PBXBuildFile; fileRef = 9024466028A418C2000B9B2D /* FeedView.swift */; };
		9024466328A41D56000B9B2D /* FeedTweetCell.swift in Sources */ = {isa = PBXBuildFile; fileRef = 9024466228A41D56000B9B2D /* FeedTweetCell.swift */; };
		903BA3F628A6B70700106C55 /* UserProfileView.swift in Sources */ = {isa = PBXBuildFile; fileRef = 903BA3F528A6B70700106C55 /* UserProfileView.swift */; };
		903BA3F828A6BB8100106C55 /* ProfileHeaderView.swift in Sources */ = {isa = PBXBuildFile; fileRef = 903BA3F728A6BB8100106C55 /* ProfileHeaderView.swift */; };
		903BA3FA28A6BBE200106C55 /* ProfileActionButtonView.swift in Sources */ = {isa = PBXBuildFile; fileRef = 903BA3F928A6BBE200106C55 /* ProfileActionButtonView.swift */; };
		903BA3FC28A6BC1600106C55 /* FilterButtonView.swift in Sources */ = {isa = PBXBuildFile; fileRef = 903BA3FB28A6BC1600106C55 /* FilterButtonView.swift */; };
		903BA3FF28A6C85A00106C55 /* TweetFilterOptions.swift in Sources */ = {isa = PBXBuildFile; fileRef = 903BA3FE28A6C85A00106C55 /* TweetFilterOptions.swift */; };
		904099AA28A56A33002FA6B5 /* SearchCellView.swift in Sources */ = {isa = PBXBuildFile; fileRef = 904099A928A56A33002FA6B5 /* SearchCellView.swift */; };
		904099AD28A5749F002FA6B5 /* ConversationView.swift in Sources */ = {isa = PBXBuildFile; fileRef = 904099AC28A5749F002FA6B5 /* ConversationView.swift */; };
		904099AF28A574D4002FA6B5 /* ConversationCellView.swift in Sources */ = {isa = PBXBuildFile; fileRef = 904099AE28A574D4002FA6B5 /* ConversationCellView.swift */; };
		904099B128A57D81002FA6B5 /* MessageInputView.swift in Sources */ = {isa = PBXBuildFile; fileRef = 904099B028A57D81002FA6B5 /* MessageInputView.swift */; };
		904099B328A57F9B002FA6B5 /* ChatView.swift in Sources */ = {isa = PBXBuildFile; fileRef = 904099B228A57F9B002FA6B5 /* ChatView.swift */; };
		904099B528A581BC002FA6B5 /* ChatBubbleView.swift in Sources */ = {isa = PBXBuildFile; fileRef = 904099B428A581BC002FA6B5 /* ChatBubbleView.swift */; };
		904099B728A58A5C002FA6B5 /* Message.swift in Sources */ = {isa = PBXBuildFile; fileRef = 904099B628A58A5C002FA6B5 /* Message.swift */; };
		904099B928A590B0002FA6B5 /* ChatCellView.swift in Sources */ = {isa = PBXBuildFile; fileRef = 904099B828A590B0002FA6B5 /* ChatCellView.swift */; };
		904099BC28A59155002FA6B5 /* Constants.swift in Sources */ = {isa = PBXBuildFile; fileRef = 904099BB28A59155002FA6B5 /* Constants.swift */; };
		9041A3BC28A67057003E578A /* NewMessageView.swift in Sources */ = {isa = PBXBuildFile; fileRef = 9041A3BB28A67057003E578A /* NewMessageView.swift */; };
		90A9FB5828A975AE00B1B004 /* ImagePickerView.swift in Sources */ = {isa = PBXBuildFile; fileRef = 90A9FB5728A975AE00B1B004 /* ImagePickerView.swift */; };
		90BF6CE928A44D84006D87BB /* SearchView.swift in Sources */ = {isa = PBXBuildFile; fileRef = 90BF6CE828A44D84006D87BB /* SearchView.swift */; };
		90BF6CEB28A44EB9006D87BB /* SearchBarView.swift in Sources */ = {isa = PBXBuildFile; fileRef = 90BF6CEA28A44EB9006D87BB /* SearchBarView.swift */; };
		90E63D7628A82DCB00CE1D7C /* TextAreaView.swift in Sources */ = {isa = PBXBuildFile; fileRef = 90E63D7528A82DCB00CE1D7C /* TextAreaView.swift */; };
		90E63D7928A8371900CE1D7C /* LoginView.swift in Sources */ = {isa = PBXBuildFile; fileRef = 90E63D7828A8371900CE1D7C /* LoginView.swift */; };
		90E63D7B28A8373F00CE1D7C /* RegistrationView.swift in Sources */ = {isa = PBXBuildFile; fileRef = 90E63D7A28A8373F00CE1D7C /* RegistrationView.swift */; };
		90E63D7D28A8375600CE1D7C /* ForgetPasswordView.swift in Sources */ = {isa = PBXBuildFile; fileRef = 90E63D7C28A8375600CE1D7C /* ForgetPasswordView.swift */; };
		90E63D7F28A83CF600CE1D7C /* TextFieldView.swift in Sources */ = {isa = PBXBuildFile; fileRef = 90E63D7E28A83CF600CE1D7C /* TextFieldView.swift */; };
		90E63D8128A8419D00CE1D7C /* TextSecureFieldView.swift in Sources */ = {isa = PBXBuildFile; fileRef = 90E63D8028A8419D00CE1D7C /* TextSecureFieldView.swift */; };
		90FFF9D128A7E3C1007C34FD /* NewTweetView.swift in Sources */ = {isa = PBXBuildFile; fileRef = 90FFF9D028A7E3C1007C34FD /* NewTweetView.swift */; };
/* End PBXBuildFile section */

/* Begin PBXFileReference section */
		9024464B28A41316000B9B2D /* Twitter.app */ = {isa = PBXFileReference; explicitFileType = wrapper.application; includeInIndex = 0; path = Twitter.app; sourceTree = BUILT_PRODUCTS_DIR; };
		9024464E28A41316000B9B2D /* TwitterApp.swift */ = {isa = PBXFileReference; lastKnownFileType = sourcecode.swift; path = TwitterApp.swift; sourceTree = "<group>"; };
		9024465028A41316000B9B2D /* ContentView.swift */ = {isa = PBXFileReference; lastKnownFileType = sourcecode.swift; path = ContentView.swift; sourceTree = "<group>"; };
		9024465228A41317000B9B2D /* Assets.xcassets */ = {isa = PBXFileReference; lastKnownFileType = folder.assetcatalog; path = Assets.xcassets; sourceTree = "<group>"; };
		9024465528A41317000B9B2D /* Preview Assets.xcassets */ = {isa = PBXFileReference; lastKnownFileType = folder.assetcatalog; path = "Preview Assets.xcassets"; sourceTree = "<group>"; };
		9024466028A418C2000B9B2D /* FeedView.swift */ = {isa = PBXFileReference; lastKnownFileType = sourcecode.swift; path = FeedView.swift; sourceTree = "<group>"; };
		9024466228A41D56000B9B2D /* FeedTweetCell.swift */ = {isa = PBXFileReference; lastKnownFileType = sourcecode.swift; path = FeedTweetCell.swift; sourceTree = "<group>"; };
		903BA3F528A6B70700106C55 /* UserProfileView.swift */ = {isa = PBXFileReference; lastKnownFileType = sourcecode.swift; path = UserProfileView.swift; sourceTree = "<group>"; };
		903BA3F728A6BB8100106C55 /* ProfileHeaderView.swift */ = {isa = PBXFileReference; lastKnownFileType = sourcecode.swift; path = ProfileHeaderView.swift; sourceTree = "<group>"; };
		903BA3F928A6BBE200106C55 /* ProfileActionButtonView.swift */ = {isa = PBXFileReference; lastKnownFileType = sourcecode.swift; path = ProfileActionButtonView.swift; sourceTree = "<group>"; };
		903BA3FB28A6BC1600106C55 /* FilterButtonView.swift */ = {isa = PBXFileReference; lastKnownFileType = sourcecode.swift; path = FilterButtonView.swift; sourceTree = "<group>"; };
		903BA3FE28A6C85A00106C55 /* TweetFilterOptions.swift */ = {isa = PBXFileReference; lastKnownFileType = sourcecode.swift; path = TweetFilterOptions.swift; sourceTree = "<group>"; };
		904099A928A56A33002FA6B5 /* SearchCellView.swift */ = {isa = PBXFileReference; lastKnownFileType = sourcecode.swift; path = SearchCellView.swift; sourceTree = "<group>"; };
		904099AC28A5749F002FA6B5 /* ConversationView.swift */ = {isa = PBXFileReference; lastKnownFileType = sourcecode.swift; path = ConversationView.swift; sourceTree = "<group>"; };
		904099AE28A574D4002FA6B5 /* ConversationCellView.swift */ = {isa = PBXFileReference; lastKnownFileType = sourcecode.swift; path = ConversationCellView.swift; sourceTree = "<group>"; };
		904099B028A57D81002FA6B5 /* MessageInputView.swift */ = {isa = PBXFileReference; lastKnownFileType = sourcecode.swift; path = MessageInputView.swift; sourceTree = "<group>"; };
		904099B228A57F9B002FA6B5 /* ChatView.swift */ = {isa = PBXFileReference; lastKnownFileType = sourcecode.swift; path = ChatView.swift; sourceTree = "<group>"; };
		904099B428A581BC002FA6B5 /* ChatBubbleView.swift */ = {isa = PBXFileReference; lastKnownFileType = sourcecode.swift; path = ChatBubbleView.swift; sourceTree = "<group>"; };
		904099B628A58A5C002FA6B5 /* Message.swift */ = {isa = PBXFileReference; lastKnownFileType = sourcecode.swift; path = Message.swift; sourceTree = "<group>"; };
		904099B828A590B0002FA6B5 /* ChatCellView.swift */ = {isa = PBXFileReference; lastKnownFileType = sourcecode.swift; path = ChatCellView.swift; sourceTree = "<group>"; };
		904099BB28A59155002FA6B5 /* Constants.swift */ = {isa = PBXFileReference; lastKnownFileType = sourcecode.swift; path = Constants.swift; sourceTree = "<group>"; };
		9041A3BB28A67057003E578A /* NewMessageView.swift */ = {isa = PBXFileReference; lastKnownFileType = sourcecode.swift; path = NewMessageView.swift; sourceTree = "<group>"; };
		90A9FB5728A975AE00B1B004 /* ImagePickerView.swift */ = {isa = PBXFileReference; lastKnownFileType = sourcecode.swift; path = ImagePickerView.swift; sourceTree = "<group>"; };
		90BF6CE828A44D84006D87BB /* SearchView.swift */ = {isa = PBXFileReference; lastKnownFileType = sourcecode.swift; path = SearchView.swift; sourceTree = "<group>"; };
		90BF6CEA28A44EB9006D87BB /* SearchBarView.swift */ = {isa = PBXFileReference; lastKnownFileType = sourcecode.swift; path = SearchBarView.swift; sourceTree = "<group>"; };
		90E63D7528A82DCB00CE1D7C /* TextAreaView.swift */ = {isa = PBXFileReference; lastKnownFileType = sourcecode.swift; path = TextAreaView.swift; sourceTree = "<group>"; };
		90E63D7828A8371900CE1D7C /* LoginView.swift */ = {isa = PBXFileReference; lastKnownFileType = sourcecode.swift; path = LoginView.swift; sourceTree = "<group>"; };
		90E63D7A28A8373F00CE1D7C /* RegistrationView.swift */ = {isa = PBXFileReference; lastKnownFileType = sourcecode.swift; path = RegistrationView.swift; sourceTree = "<group>"; };
		90E63D7C28A8375600CE1D7C /* ForgetPasswordView.swift */ = {isa = PBXFileReference; lastKnownFileType = sourcecode.swift; path = ForgetPasswordView.swift; sourceTree = "<group>"; };
		90E63D7E28A83CF600CE1D7C /* TextFieldView.swift */ = {isa = PBXFileReference; lastKnownFileType = sourcecode.swift; path = TextFieldView.swift; sourceTree = "<group>"; };
		90E63D8028A8419D00CE1D7C /* TextSecureFieldView.swift */ = {isa = PBXFileReference; lastKnownFileType = sourcecode.swift; path = TextSecureFieldView.swift; sourceTree = "<group>"; };
		90FFF9D028A7E3C1007C34FD /* NewTweetView.swift */ = {isa = PBXFileReference; lastKnownFileType = sourcecode.swift; path = NewTweetView.swift; sourceTree = "<group>"; };
/* End PBXFileReference section */

/* Begin PBXFrameworksBuildPhase section */
		9024464828A41316000B9B2D /* Frameworks */ = {
			isa = PBXFrameworksBuildPhase;
			buildActionMask = 2147483647;
			files = (
			);
			runOnlyForDeploymentPostprocessing = 0;
		};
/* End PBXFrameworksBuildPhase section */

/* Begin PBXGroup section */
		9024464228A41316000B9B2D = {
			isa = PBXGroup;
			children = (
				9024464D28A41316000B9B2D /* Twitter */,
				9024464C28A41316000B9B2D /* Products */,
			);
			sourceTree = "<group>";
		};
		9024464C28A41316000B9B2D /* Products */ = {
			isa = PBXGroup;
			children = (
				9024464B28A41316000B9B2D /* Twitter.app */,
			);
			name = Products;
			sourceTree = "<group>";
		};
		9024464D28A41316000B9B2D /* Twitter */ = {
			isa = PBXGroup;
			children = (
				9024465C28A4176B000B9B2D /* App */,
				90E63D7328A82D9300CE1D7C /* Utils */,
				903BA3FD28A6C82300106C55 /* Enum */,
				904099BA28A59141002FA6B5 /* Contants */,
				9024465F28A4188B000B9B2D /* ViewModels */,
				9024465E28A41882000B9B2D /* Models */,
				9024465D28A4177A000B9B2D /* Views */,
				9024465228A41317000B9B2D /* Assets.xcassets */,
				9024465428A41317000B9B2D /* Preview Content */,
			);
			path = Twitter;
			sourceTree = "<group>";
		};
		9024465428A41317000B9B2D /* Preview Content */ = {
			isa = PBXGroup;
			children = (
				9024465528A41317000B9B2D /* Preview Assets.xcassets */,
			);
			path = "Preview Content";
			sourceTree = "<group>";
		};
		9024465C28A4176B000B9B2D /* App */ = {
			isa = PBXGroup;
			children = (
				9024464E28A41316000B9B2D /* TwitterApp.swift */,
			);
			path = App;
			sourceTree = "<group>";
		};
		9024465D28A4177A000B9B2D /* Views */ = {
			isa = PBXGroup;
			children = (
				90E63D7728A8370200CE1D7C /* Authentication */,
				90FFF9CF28A7E3A9007C34FD /* Tweets */,
				903BA3F428A6B6F700106C55 /* Profile */,
				903BA3F328A6B69100106C55 /* Search */,
				903BA3F228A6B67A00106C55 /* Feed */,
				904099AB28A57486002FA6B5 /* Messaging */,
				9024465028A41316000B9B2D /* ContentView.swift */,
			);
			path = Views;
			sourceTree = "<group>";
		};
		9024465E28A41882000B9B2D /* Models */ = {
			isa = PBXGroup;
			children = (
				904099B628A58A5C002FA6B5 /* Message.swift */,
			);
			path = Models;
			sourceTree = "<group>";
		};
		9024465F28A4188B000B9B2D /* ViewModels */ = {
			isa = PBXGroup;
			children = (
			);
			path = ViewModels;
			sourceTree = "<group>";
		};
		903BA3F228A6B67A00106C55 /* Feed */ = {
			isa = PBXGroup;
			children = (
				9024466028A418C2000B9B2D /* FeedView.swift */,
				9024466228A41D56000B9B2D /* FeedTweetCell.swift */,
			);
			path = Feed;
			sourceTree = "<group>";
		};
		903BA3F328A6B69100106C55 /* Search */ = {
			isa = PBXGroup;
			children = (
				90BF6CE828A44D84006D87BB /* SearchView.swift */,
				90BF6CEA28A44EB9006D87BB /* SearchBarView.swift */,
				904099A928A56A33002FA6B5 /* SearchCellView.swift */,
			);
			path = Search;
			sourceTree = "<group>";
		};
		903BA3F428A6B6F700106C55 /* Profile */ = {
			isa = PBXGroup;
			children = (
				903BA3F528A6B70700106C55 /* UserProfileView.swift */,
				903BA3F728A6BB8100106C55 /* ProfileHeaderView.swift */,
				903BA3F928A6BBE200106C55 /* ProfileActionButtonView.swift */,
				903BA3FB28A6BC1600106C55 /* FilterButtonView.swift */,
			);
			path = Profile;
			sourceTree = "<group>";
		};
		903BA3FD28A6C82300106C55 /* Enum */ = {
			isa = PBXGroup;
			children = (
				903BA3FE28A6C85A00106C55 /* TweetFilterOptions.swift */,
			);
			path = Enum;
			sourceTree = "<group>";
		};
		904099AB28A57486002FA6B5 /* Messaging */ = {
			isa = PBXGroup;
			children = (
				904099AC28A5749F002FA6B5 /* ConversationView.swift */,
				904099AE28A574D4002FA6B5 /* ConversationCellView.swift */,
				904099B228A57F9B002FA6B5 /* ChatView.swift */,
				904099B828A590B0002FA6B5 /* ChatCellView.swift */,
				904099B028A57D81002FA6B5 /* MessageInputView.swift */,
				904099B428A581BC002FA6B5 /* ChatBubbleView.swift */,
				9041A3BB28A67057003E578A /* NewMessageView.swift */,
			);
			path = Messaging;
			sourceTree = "<group>";
		};
		904099BA28A59141002FA6B5 /* Contants */ = {
			isa = PBXGroup;
			children = (
				904099BB28A59155002FA6B5 /* Constants.swift */,
			);
			path = Contants;
			sourceTree = "<group>";
		};
		90E63D7328A82D9300CE1D7C /* Utils */ = {
			isa = PBXGroup;
			children = (
				90E63D7428A82D9E00CE1D7C /* CustomViews */,
			);
			path = Utils;
			sourceTree = "<group>";
		};
		90E63D7428A82D9E00CE1D7C /* CustomViews */ = {
			isa = PBXGroup;
			children = (
				90E63D7528A82DCB00CE1D7C /* TextAreaView.swift */,
				90E63D7E28A83CF600CE1D7C /* TextFieldView.swift */,
				90E63D8028A8419D00CE1D7C /* TextSecureFieldView.swift */,
				90A9FB5728A975AE00B1B004 /* ImagePickerView.swift */,
			);
			path = CustomViews;
			sourceTree = "<group>";
		};
		90E63D7728A8370200CE1D7C /* Authentication */ = {
			isa = PBXGroup;
			children = (
				90E63D7828A8371900CE1D7C /* LoginView.swift */,
				90E63D7A28A8373F00CE1D7C /* RegistrationView.swift */,
				90E63D7C28A8375600CE1D7C /* ForgetPasswordView.swift */,
			);
			path = Authentication;
			sourceTree = "<group>";
		};
		90FFF9CF28A7E3A9007C34FD /* Tweets */ = {
			isa = PBXGroup;
			children = (
				90FFF9D028A7E3C1007C34FD /* NewTweetView.swift */,
			);
			path = Tweets;
			sourceTree = "<group>";
		};
/* End PBXGroup section */

/* Begin PBXNativeTarget section */
		9024464A28A41316000B9B2D /* Twitter */ = {
			isa = PBXNativeTarget;
			buildConfigurationList = 9024465928A41317000B9B2D /* Build configuration list for PBXNativeTarget "Twitter" */;
			buildPhases = (
				9024464728A41316000B9B2D /* Sources */,
				9024464828A41316000B9B2D /* Frameworks */,
				9024464928A41316000B9B2D /* Resources */,
			);
			buildRules = (
			);
			dependencies = (
			);
			name = Twitter;
			productName = Twitter;
			productReference = 9024464B28A41316000B9B2D /* Twitter.app */;
			productType = "com.apple.product-type.application";
		};
/* End PBXNativeTarget section */

/* Begin PBXProject section */
		9024464328A41316000B9B2D /* Project object */ = {
			isa = PBXProject;
			attributes = {
				BuildIndependentTargetsInParallel = 1;
				LastSwiftUpdateCheck = 1340;
				LastUpgradeCheck = 1340;
				TargetAttributes = {
					9024464A28A41316000B9B2D = {
						CreatedOnToolsVersion = 13.4.1;
					};
				};
			};
			buildConfigurationList = 9024464628A41316000B9B2D /* Build configuration list for PBXProject "Twitter" */;
			compatibilityVersion = "Xcode 13.0";
			developmentRegion = en;
			hasScannedForEncodings = 0;
			knownRegions = (
				en,
				Base,
			);
			mainGroup = 9024464228A41316000B9B2D;
			productRefGroup = 9024464C28A41316000B9B2D /* Products */;
			projectDirPath = "";
			projectRoot = "";
			targets = (
				9024464A28A41316000B9B2D /* Twitter */,
			);
		};
/* End PBXProject section */

/* Begin PBXResourcesBuildPhase section */
		9024464928A41316000B9B2D /* Resources */ = {
			isa = PBXResourcesBuildPhase;
			buildActionMask = 2147483647;
			files = (
				9024465628A41317000B9B2D /* Preview Assets.xcassets in Resources */,
				9024465328A41317000B9B2D /* Assets.xcassets in Resources */,
			);
			runOnlyForDeploymentPostprocessing = 0;
		};
/* End PBXResourcesBuildPhase section */

/* Begin PBXSourcesBuildPhase section */
		9024464728A41316000B9B2D /* Sources */ = {
			isa = PBXSourcesBuildPhase;
			buildActionMask = 2147483647;
			files = (
				904099AF28A574D4002FA6B5 /* ConversationCellView.swift in Sources */,
				904099B128A57D81002FA6B5 /* MessageInputView.swift in Sources */,
				90E63D7D28A8375600CE1D7C /* ForgetPasswordView.swift in Sources */,
				904099AA28A56A33002FA6B5 /* SearchCellView.swift in Sources */,
				90BF6CE928A44D84006D87BB /* SearchView.swift in Sources */,
				904099B328A57F9B002FA6B5 /* ChatView.swift in Sources */,
				904099BC28A59155002FA6B5 /* Constants.swift in Sources */,
				90E63D8128A8419D00CE1D7C /* TextSecureFieldView.swift in Sources */,
				90E63D7928A8371900CE1D7C /* LoginView.swift in Sources */,
				90E63D7F28A83CF600CE1D7C /* TextFieldView.swift in Sources */,
				903BA3FF28A6C85A00106C55 /* TweetFilterOptions.swift in Sources */,
				903BA3FC28A6BC1600106C55 /* FilterButtonView.swift in Sources */,
				9024465128A41316000B9B2D /* ContentView.swift in Sources */,
				904099B928A590B0002FA6B5 /* ChatCellView.swift in Sources */,
				904099B528A581BC002FA6B5 /* ChatBubbleView.swift in Sources */,
				9041A3BC28A67057003E578A /* NewMessageView.swift in Sources */,
				903BA3F628A6B70700106C55 /* UserProfileView.swift in Sources */,
				90E63D7B28A8373F00CE1D7C /* RegistrationView.swift in Sources */,
				903BA3FA28A6BBE200106C55 /* ProfileActionButtonView.swift in Sources */,
				9024466128A418C2000B9B2D /* FeedView.swift in Sources */,
				9024464F28A41316000B9B2D /* TwitterApp.swift in Sources */,
				904099B728A58A5C002FA6B5 /* Message.swift in Sources */,
				90E63D7628A82DCB00CE1D7C /* TextAreaView.swift in Sources */,
				90A9FB5828A975AE00B1B004 /* ImagePickerView.swift in Sources */,
				903BA3F828A6BB8100106C55 /* ProfileHeaderView.swift in Sources */,
				90BF6CEB28A44EB9006D87BB /* SearchBarView.swift in Sources */,
				90FFF9D128A7E3C1007C34FD /* NewTweetView.swift in Sources */,
				9024466328A41D56000B9B2D /* FeedTweetCell.swift in Sources */,
				904099AD28A5749F002FA6B5 /* ConversationView.swift in Sources */,
			);
			runOnlyForDeploymentPostprocessing = 0;
		};
/* End PBXSourcesBuildPhase section */

/* Begin XCBuildConfiguration section */
		9024465728A41317000B9B2D /* Debug */ = {
			isa = XCBuildConfiguration;
			buildSettings = {
				ALWAYS_SEARCH_USER_PATHS = NO;
				CLANG_ANALYZER_NONNULL = YES;
				CLANG_ANALYZER_NUMBER_OBJECT_CONVERSION = YES_AGGRESSIVE;
				CLANG_CXX_LANGUAGE_STANDARD = "gnu++17";
				CLANG_ENABLE_MODULES = YES;
				CLANG_ENABLE_OBJC_ARC = YES;
				CLANG_ENABLE_OBJC_WEAK = YES;
				CLANG_WARN_BLOCK_CAPTURE_AUTORELEASING = YES;
				CLANG_WARN_BOOL_CONVERSION = YES;
				CLANG_WARN_COMMA = YES;
				CLANG_WARN_CONSTANT_CONVERSION = YES;
				CLANG_WARN_DEPRECATED_OBJC_IMPLEMENTATIONS = YES;
				CLANG_WARN_DIRECT_OBJC_ISA_USAGE = YES_ERROR;
				CLANG_WARN_DOCUMENTATION_COMMENTS = YES;
				CLANG_WARN_EMPTY_BODY = YES;
				CLANG_WARN_ENUM_CONVERSION = YES;
				CLANG_WARN_INFINITE_RECURSION = YES;
				CLANG_WARN_INT_CONVERSION = YES;
				CLANG_WARN_NON_LITERAL_NULL_CONVERSION = YES;
				CLANG_WARN_OBJC_IMPLICIT_RETAIN_SELF = YES;
				CLANG_WARN_OBJC_LITERAL_CONVERSION = YES;
				CLANG_WARN_OBJC_ROOT_CLASS = YES_ERROR;
				CLANG_WARN_QUOTED_INCLUDE_IN_FRAMEWORK_HEADER = YES;
				CLANG_WARN_RANGE_LOOP_ANALYSIS = YES;
				CLANG_WARN_STRICT_PROTOTYPES = YES;
				CLANG_WARN_SUSPICIOUS_MOVE = YES;
				CLANG_WARN_UNGUARDED_AVAILABILITY = YES_AGGRESSIVE;
				CLANG_WARN_UNREACHABLE_CODE = YES;
				CLANG_WARN__DUPLICATE_METHOD_MATCH = YES;
				COPY_PHASE_STRIP = NO;
				DEBUG_INFORMATION_FORMAT = dwarf;
				ENABLE_STRICT_OBJC_MSGSEND = YES;
				ENABLE_TESTABILITY = YES;
				GCC_C_LANGUAGE_STANDARD = gnu11;
				GCC_DYNAMIC_NO_PIC = NO;
				GCC_NO_COMMON_BLOCKS = YES;
				GCC_OPTIMIZATION_LEVEL = 0;
				GCC_PREPROCESSOR_DEFINITIONS = (
					"DEBUG=1",
					"$(inherited)",
				);
				GCC_WARN_64_TO_32_BIT_CONVERSION = YES;
				GCC_WARN_ABOUT_RETURN_TYPE = YES_ERROR;
				GCC_WARN_UNDECLARED_SELECTOR = YES;
				GCC_WARN_UNINITIALIZED_AUTOS = YES_AGGRESSIVE;
				GCC_WARN_UNUSED_FUNCTION = YES;
				GCC_WARN_UNUSED_VARIABLE = YES;
				IPHONEOS_DEPLOYMENT_TARGET = 15.5;
				MTL_ENABLE_DEBUG_INFO = INCLUDE_SOURCE;
				MTL_FAST_MATH = YES;
				ONLY_ACTIVE_ARCH = YES;
				SDKROOT = iphoneos;
				SWIFT_ACTIVE_COMPILATION_CONDITIONS = DEBUG;
				SWIFT_OPTIMIZATION_LEVEL = "-Onone";
			};
			name = Debug;
		};
		9024465828A41317000B9B2D /* Release */ = {
			isa = XCBuildConfiguration;
			buildSettings = {
				ALWAYS_SEARCH_USER_PATHS = NO;
				CLANG_ANALYZER_NONNULL = YES;
				CLANG_ANALYZER_NUMBER_OBJECT_CONVERSION = YES_AGGRESSIVE;
				CLANG_CXX_LANGUAGE_STANDARD = "gnu++17";
				CLANG_ENABLE_MODULES = YES;
				CLANG_ENABLE_OBJC_ARC = YES;
				CLANG_ENABLE_OBJC_WEAK = YES;
				CLANG_WARN_BLOCK_CAPTURE_AUTORELEASING = YES;
				CLANG_WARN_BOOL_CONVERSION = YES;
				CLANG_WARN_COMMA = YES;
				CLANG_WARN_CONSTANT_CONVERSION = YES;
				CLANG_WARN_DEPRECATED_OBJC_IMPLEMENTATIONS = YES;
				CLANG_WARN_DIRECT_OBJC_ISA_USAGE = YES_ERROR;
				CLANG_WARN_DOCUMENTATION_COMMENTS = YES;
				CLANG_WARN_EMPTY_BODY = YES;
				CLANG_WARN_ENUM_CONVERSION = YES;
				CLANG_WARN_INFINITE_RECURSION = YES;
				CLANG_WARN_INT_CONVERSION = YES;
				CLANG_WARN_NON_LITERAL_NULL_CONVERSION = YES;
				CLANG_WARN_OBJC_IMPLICIT_RETAIN_SELF = YES;
				CLANG_WARN_OBJC_LITERAL_CONVERSION = YES;
				CLANG_WARN_OBJC_ROOT_CLASS = YES_ERROR;
				CLANG_WARN_QUOTED_INCLUDE_IN_FRAMEWORK_HEADER = YES;
				CLANG_WARN_RANGE_LOOP_ANALYSIS = YES;
				CLANG_WARN_STRICT_PROTOTYPES = YES;
				CLANG_WARN_SUSPICIOUS_MOVE = YES;
				CLANG_WARN_UNGUARDED_AVAILABILITY = YES_AGGRESSIVE;
				CLANG_WARN_UNREACHABLE_CODE = YES;
				CLANG_WARN__DUPLICATE_METHOD_MATCH = YES;
				COPY_PHASE_STRIP = NO;
				DEBUG_INFORMATION_FORMAT = "dwarf-with-dsym";
				ENABLE_NS_ASSERTIONS = NO;
				ENABLE_STRICT_OBJC_MSGSEND = YES;
				GCC_C_LANGUAGE_STANDARD = gnu11;
				GCC_NO_COMMON_BLOCKS = YES;
				GCC_WARN_64_TO_32_BIT_CONVERSION = YES;
				GCC_WARN_ABOUT_RETURN_TYPE = YES_ERROR;
				GCC_WARN_UNDECLARED_SELECTOR = YES;
				GCC_WARN_UNINITIALIZED_AUTOS = YES_AGGRESSIVE;
				GCC_WARN_UNUSED_FUNCTION = YES;
				GCC_WARN_UNUSED_VARIABLE = YES;
				IPHONEOS_DEPLOYMENT_TARGET = 15.5;
				MTL_ENABLE_DEBUG_INFO = NO;
				MTL_FAST_MATH = YES;
				SDKROOT = iphoneos;
				SWIFT_COMPILATION_MODE = wholemodule;
				SWIFT_OPTIMIZATION_LEVEL = "-O";
				VALIDATE_PRODUCT = YES;
			};
			name = Release;
		};
		9024465A28A41317000B9B2D /* Debug */ = {
			isa = XCBuildConfiguration;
			buildSettings = {
				ASSETCATALOG_COMPILER_APPICON_NAME = AppIcon;
				ASSETCATALOG_COMPILER_GLOBAL_ACCENT_COLOR_NAME = AccentColor;
				CODE_SIGN_STYLE = Automatic;
				CURRENT_PROJECT_VERSION = 1;
				DEVELOPMENT_ASSET_PATHS = "\"Twitter/Preview Content\"";
				DEVELOPMENT_TEAM = 38CU8Z7F4U;
				ENABLE_PREVIEWS = YES;
				GENERATE_INFOPLIST_FILE = YES;
				INFOPLIST_KEY_UIApplicationSceneManifest_Generation = YES;
				INFOPLIST_KEY_UIApplicationSupportsIndirectInputEvents = YES;
				INFOPLIST_KEY_UILaunchScreen_Generation = YES;
				INFOPLIST_KEY_UISupportedInterfaceOrientations_iPad = "UIInterfaceOrientationPortrait UIInterfaceOrientationPortraitUpsideDown UIInterfaceOrientationLandscapeLeft UIInterfaceOrientationLandscapeRight";
				INFOPLIST_KEY_UISupportedInterfaceOrientations_iPhone = "UIInterfaceOrientationPortrait UIInterfaceOrientationLandscapeLeft UIInterfaceOrientationLandscapeRight";
				LD_RUNPATH_SEARCH_PATHS = (
					"$(inherited)",
					"@executable_path/Frameworks",
				);
				MARKETING_VERSION = 1.0;
				PRODUCT_BUNDLE_IDENTIFIER = com.davidbratton.Twitter;
				PRODUCT_NAME = "$(TARGET_NAME)";
				SWIFT_EMIT_LOC_STRINGS = YES;
				SWIFT_VERSION = 5.0;
				TARGETED_DEVICE_FAMILY = "1,2";
			};
			name = Debug;
		};
		9024465B28A41317000B9B2D /* Release */ = {
			isa = XCBuildConfiguration;
			buildSettings = {
				ASSETCATALOG_COMPILER_APPICON_NAME = AppIcon;
				ASSETCATALOG_COMPILER_GLOBAL_ACCENT_COLOR_NAME = AccentColor;
				CODE_SIGN_STYLE = Automatic;
				CURRENT_PROJECT_VERSION = 1;
				DEVELOPMENT_ASSET_PATHS = "\"Twitter/Preview Content\"";
				DEVELOPMENT_TEAM = 38CU8Z7F4U;
				ENABLE_PREVIEWS = YES;
				GENERATE_INFOPLIST_FILE = YES;
				INFOPLIST_KEY_UIApplicationSceneManifest_Generation = YES;
				INFOPLIST_KEY_UIApplicationSupportsIndirectInputEvents = YES;
				INFOPLIST_KEY_UILaunchScreen_Generation = YES;
				INFOPLIST_KEY_UISupportedInterfaceOrientations_iPad = "UIInterfaceOrientationPortrait UIInterfaceOrientationPortraitUpsideDown UIInterfaceOrientationLandscapeLeft UIInterfaceOrientationLandscapeRight";
				INFOPLIST_KEY_UISupportedInterfaceOrientations_iPhone = "UIInterfaceOrientationPortrait UIInterfaceOrientationLandscapeLeft UIInterfaceOrientationLandscapeRight";
				LD_RUNPATH_SEARCH_PATHS = (
					"$(inherited)",
					"@executable_path/Frameworks",
				);
				MARKETING_VERSION = 1.0;
				PRODUCT_BUNDLE_IDENTIFIER = com.davidbratton.Twitter;
				PRODUCT_NAME = "$(TARGET_NAME)";
				SWIFT_EMIT_LOC_STRINGS = YES;
				SWIFT_VERSION = 5.0;
				TARGETED_DEVICE_FAMILY = "1,2";
			};
			name = Release;
		};
/* End XCBuildConfiguration section */

/* Begin XCConfigurationList section */
		9024464628A41316000B9B2D /* Build configuration list for PBXProject "Twitter" */ = {
			isa = XCConfigurationList;
			buildConfigurations = (
				9024465728A41317000B9B2D /* Debug */,
				9024465828A41317000B9B2D /* Release */,
			);
			defaultConfigurationIsVisible = 0;
			defaultConfigurationName = Release;
		};
		9024465928A41317000B9B2D /* Build configuration list for PBXNativeTarget "Twitter" */ = {
			isa = XCConfigurationList;
			buildConfigurations = (
				9024465A28A41317000B9B2D /* Debug */,
				9024465B28A41317000B9B2D /* Release */,
			);
			defaultConfigurationIsVisible = 0;
			defaultConfigurationName = Release;
		};
/* End XCConfigurationList section */
	};
	rootObject = 9024464328A41316000B9B2D /* Project object */;
}
